
Microsoft Visual Studio Solution File, Format Version 12.00
# Visual Studio Version 17
VisualStudioVersion = 17.12.35209.166
MinimumVisualStudioVersion = 10.0.40219.1
Project("{FAE04EC0-301F-11D3-BF4B-00C04F79EFBC}") = "WebApplication1", "WebApplication1\WebApplication1.csproj", "{28996BDE-84B8-4D28-88A4-2BE48635CCD4}"
EndProject
Global
	GlobalSection(SolutionConfigurationPlatforms) = preSolution
		Debug|Any CPU = Debug|Any CPU
		Release|Any CPU = Release|Any CPU
	EndGlobalSection
	GlobalSection(ProjectConfigurationPlatforms) = postSolution
		{28996BDE-84B8-4D28-88A4-2BE48635CCD4}.Debug|Any CPU.ActiveCfg = Debug|Any CPU
		{28996BDE-84B8-4D28-88A4-2BE48635CCD4}.Debug|Any CPU.Build.0 = Debug|Any CPU
		{28996BDE-84B8-4D28-88A4-2BE48635CCD4}.Release|Any CPU.ActiveCfg = Release|Any CPU
		{28996BDE-84B8-4D28-88A4-2BE48635CCD4}.Release|Any CPU.Build.0 = Release|Any CPU
	EndGlobalSection
	GlobalSection(SolutionProperties) = preSolution
		HideSolutionNode = FALSE
	EndGlobalSection
	GlobalSection(ExtensibilityGlobals) = postSolution
		SolutionGuid = {913C811F-ED2C-4889-AA54-9804F3309A5C}
	EndGlobalSection
EndGlobal
