
Microsoft Visual Studio Solution File, Format Version 12.00
# Visual Studio Version 17
VisualStudioVersion = 17.12.35209.166
MinimumVisualStudioVersion = 10.0.40219.1
Project("{FAE04EC0-301F-11D3-BF4B-00C04F79EFBC}") = "HalloSingelton", "HalloSingelton\HalloSingelton.csproj", "{1548AA00-B14B-49DE-BC89-1C0187CEAFF2}"
EndProject
Global
	GlobalSection(SolutionConfigurationPlatforms) = preSolution
		Debug|Any CPU = Debug|Any CPU
		Release|Any CPU = Release|Any CPU
	EndGlobalSection
	GlobalSection(ProjectConfigurationPlatforms) = postSolution
		{1548AA00-B14B-49DE-BC89-1C0187CEAFF2}.Debug|Any CPU.ActiveCfg = Debug|Any CPU
		{1548AA00-B14B-49DE-BC89-1C0187CEAFF2}.Debug|Any CPU.Build.0 = Debug|Any CPU
		{1548AA00-B14B-49DE-BC89-1C0187CEAFF2}.Release|Any CPU.ActiveCfg = Release|Any CPU
		{1548AA00-B14B-49DE-BC89-1C0187CEAFF2}.Release|Any CPU.Build.0 = Release|Any CPU
	EndGlobalSection
	GlobalSection(SolutionProperties) = preSolution
		HideSolutionNode = FALSE
	EndGlobalSection
	GlobalSection(ExtensibilityGlobals) = postSolution
		SolutionGuid = {069E46AF-3C82-4622-8588-C3C60B633B8A}
	EndGlobalSection
EndGlobal
